// !$*UTF8*$!
{
	archiveVersion = 1;
	classes = {
	};
	objectVersion = 55;
	objects = {

/* Begin PBXBuildFile section */
		B573275A284911C60098BA47 /* AppDelegate.swift in Sources */ = {isa = PBXBuildFile; fileRef = B5732759284911C60098BA47 /* AppDelegate.swift */; };
		B573275C284911C60098BA47 /* SceneDelegate.swift in Sources */ = {isa = PBXBuildFile; fileRef = B573275B284911C60098BA47 /* SceneDelegate.swift */; };
		B573275E284911C60098BA47 /* ViewController.swift in Sources */ = {isa = PBXBuildFile; fileRef = B573275D284911C60098BA47 /* ViewController.swift */; };
		B5732763284911C80098BA47 /* Assets.xcassets in Resources */ = {isa = PBXBuildFile; fileRef = B5732762284911C80098BA47 /* Assets.xcassets */; };
		B5732766284911C80098BA47 /* LaunchScreen.storyboard in Resources */ = {isa = PBXBuildFile; fileRef = B5732764284911C80098BA47 /* LaunchScreen.storyboard */; };
		B573278A28491D040098BA47 /* README.md in Resources */ = {isa = PBXBuildFile; fileRef = B573278928491D040098BA47 /* README.md */; };
		B573278C2849227D0098BA47 /* NewsUIIntegrationTests.swift in Sources */ = {isa = PBXBuildFile; fileRef = B573278B2849227D0098BA47 /* NewsUIIntegrationTests.swift */; };
		B573278F284928640098BA47 /* XCTestCase+MemoryLeakTracking.swift in Sources */ = {isa = PBXBuildFile; fileRef = B573278E284928640098BA47 /* XCTestCase+MemoryLeakTracking.swift */; };
		B57327922849369C0098BA47 /* NewsLoader.swift in Sources */ = {isa = PBXBuildFile; fileRef = B57327912849369C0098BA47 /* NewsLoader.swift */; };
		B5732794284936B40098BA47 /* NewsImage.swift in Sources */ = {isa = PBXBuildFile; fileRef = B5732793284936B40098BA47 /* NewsImage.swift */; };
		B5732797284937270098BA47 /* NewsViewController.swift in Sources */ = {isa = PBXBuildFile; fileRef = B5732796284937270098BA47 /* NewsViewController.swift */; };
		B57327992849D8220098BA47 /* NewsImageCell.swift in Sources */ = {isa = PBXBuildFile; fileRef = B57327982849D8220098BA47 /* NewsImageCell.swift */; };
		B573279B2849E2A60098BA47 /* UIView+Shimmering.swift in Sources */ = {isa = PBXBuildFile; fileRef = B573279A2849E2A60098BA47 /* UIView+Shimmering.swift */; };
		B57327A12849EC110098BA47 /* NewsImageDataLoader.swift in Sources */ = {isa = PBXBuildFile; fileRef = B57327A02849EC110098BA47 /* NewsImageDataLoader.swift */; };
		B57327A32849EC6E0098BA47 /* UIImage+TestHelpers.swift in Sources */ = {isa = PBXBuildFile; fileRef = B57327A22849EC6E0098BA47 /* UIImage+TestHelpers.swift */; };
		B57327A52849ECB60098BA47 /* UIRefreshController+TestHelpers.swift in Sources */ = {isa = PBXBuildFile; fileRef = B57327A42849ECB60098BA47 /* UIRefreshController+TestHelpers.swift */; };
		B57327A72849ECF10098BA47 /* UIButton+TestHelpers.swift in Sources */ = {isa = PBXBuildFile; fileRef = B57327A62849ECF10098BA47 /* UIButton+TestHelpers.swift */; };
		B57327A92849ED390098BA47 /* UIControl+TestHelpers.swift in Sources */ = {isa = PBXBuildFile; fileRef = B57327A82849ED390098BA47 /* UIControl+TestHelpers.swift */; };
		B57327AC2849EE020098BA47 /* NewsViewController+TestHelpers.swift in Sources */ = {isa = PBXBuildFile; fileRef = B57327AB2849EE020098BA47 /* NewsViewController+TestHelpers.swift */; };
		B57327AE2849EE5F0098BA47 /* NewsImageCell+TestHelpers.swift in Sources */ = {isa = PBXBuildFile; fileRef = B57327AD2849EE5F0098BA47 /* NewsImageCell+TestHelpers.swift */; };
		B57327B02849EED70098BA47 /* NewsViewController+LoaderSpy.swift in Sources */ = {isa = PBXBuildFile; fileRef = B57327AF2849EED70098BA47 /* NewsViewController+LoaderSpy.swift */; };
		B57327B22849EF240098BA47 /* NewsViewController+Assertions.swift in Sources */ = {isa = PBXBuildFile; fileRef = B57327B12849EF240098BA47 /* NewsViewController+Assertions.swift */; };
		B57327B92849F33B0098BA47 /* NewsRefreshController.swift in Sources */ = {isa = PBXBuildFile; fileRef = B57327B82849F33B0098BA47 /* NewsRefreshController.swift */; };
		B57327BB2849F5DF0098BA47 /* NewsImageCellController.swift in Sources */ = {isa = PBXBuildFile; fileRef = B57327BA2849F5DF0098BA47 /* NewsImageCellController.swift */; };
		B57327BE284A16E20098BA47 /* NewsUIComposer.swift in Sources */ = {isa = PBXBuildFile; fileRef = B57327BD284A16E20098BA47 /* NewsUIComposer.swift */; };
		B57327C3284A6DB30098BA47 /* NewsImageViewModel.swift in Sources */ = {isa = PBXBuildFile; fileRef = B57327C2284A6DB30098BA47 /* NewsImageViewModel.swift */; };
		B57327C5284A74800098BA47 /* NewsPresenter.swift in Sources */ = {isa = PBXBuildFile; fileRef = B57327C4284A74800098BA47 /* NewsPresenter.swift */; };
		B57327C7284AA0CD0098BA47 /* NewsImagePresenter.swift in Sources */ = {isa = PBXBuildFile; fileRef = B57327C6284AA0CD0098BA47 /* NewsImagePresenter.swift */; };
		B57327C9284AAC860098BA47 /* UITableView+Dequeueing.swift in Sources */ = {isa = PBXBuildFile; fileRef = B57327C8284AAC860098BA47 /* UITableView+Dequeueing.swift */; };
		B57327CB284AAE9C0098BA47 /* UIImage+Animations.swift in Sources */ = {isa = PBXBuildFile; fileRef = B57327CA284AAE9C0098BA47 /* UIImage+Animations.swift */; };
		B57327CE284AC3B40098BA47 /* HTTPClient.swift in Sources */ = {isa = PBXBuildFile; fileRef = B57327CD284AC3B40098BA47 /* HTTPClient.swift */; };
		B57327D0284AC3D70098BA47 /* NewsImageMapper.swift in Sources */ = {isa = PBXBuildFile; fileRef = B57327CF284AC3D70098BA47 /* NewsImageMapper.swift */; };
		B57327D2284AC5550098BA47 /* RemoteNewsLoader.swift in Sources */ = {isa = PBXBuildFile; fileRef = B57327D1284AC5550098BA47 /* RemoteNewsLoader.swift */; };
		B57327D8284AC5E00098BA47 /* LoadNewsFromRemoteUseCaseTests.swift in Sources */ = {isa = PBXBuildFile; fileRef = B57327D7284AC5E00098BA47 /* LoadNewsFromRemoteUseCaseTests.swift */; };
		B57327DB284AC61F0098BA47 /* HTTPClientSpy.swift in Sources */ = {isa = PBXBuildFile; fileRef = B57327DA284AC61F0098BA47 /* HTTPClientSpy.swift */; };
		B57327DD284AC65A0098BA47 /* LoadNewsFromRemoteUseCaseTests+Helpers.swift in Sources */ = {isa = PBXBuildFile; fileRef = B57327DC284AC65A0098BA47 /* LoadNewsFromRemoteUseCaseTests+Helpers.swift */; };
		B57327DF284B3B460098BA47 /* NewsLoadingViewModel.swift in Sources */ = {isa = PBXBuildFile; fileRef = B57327DE284B3B460098BA47 /* NewsLoadingViewModel.swift */; };
		B57327E1284B3BB30098BA47 /* NewsViewModel.swift in Sources */ = {isa = PBXBuildFile; fileRef = B57327E0284B3BB30098BA47 /* NewsViewModel.swift */; };
		B57327E5284B41460098BA47 /* NewsViewControllerTests+localization.swift in Sources */ = {isa = PBXBuildFile; fileRef = B57327E4284B41460098BA47 /* NewsViewControllerTests+localization.swift */; };
		B57327E7284B42F30098BA47 /* News.strings in Resources */ = {isa = PBXBuildFile; fileRef = B57327E9284B42F30098BA47 /* News.strings */; };
		B57327F3284B558F0098BA47 /* MainQueueDispatchDecorator.swift in Sources */ = {isa = PBXBuildFile; fileRef = B57327F2284B558F0098BA47 /* MainQueueDispatchDecorator.swift */; };
		B57327F5284B561C0098BA47 /* WeakRefVirtualProxy.swift in Sources */ = {isa = PBXBuildFile; fileRef = B57327F4284B561C0098BA47 /* WeakRefVirtualProxy.swift */; };
		B57327F7284B56580098BA47 /* NewsViewAdapter.swift in Sources */ = {isa = PBXBuildFile; fileRef = B57327F6284B56580098BA47 /* NewsViewAdapter.swift */; };
/* End PBXBuildFile section */

/* Begin PBXContainerItemProxy section */
		B573276D284911C80098BA47 /* PBXContainerItemProxy */ = {
			isa = PBXContainerItemProxy;
			containerPortal = B573274E284911C60098BA47 /* Project object */;
			proxyType = 1;
			remoteGlobalIDString = B5732755284911C60098BA47;
			remoteInfo = NewsTask;
		};
/* End PBXContainerItemProxy section */

/* Begin PBXFileReference section */
		B5732756284911C60098BA47 /* NewsTask.app */ = {isa = PBXFileReference; explicitFileType = wrapper.application; includeInIndex = 0; path = NewsTask.app; sourceTree = BUILT_PRODUCTS_DIR; };
		B5732759284911C60098BA47 /* AppDelegate.swift */ = {isa = PBXFileReference; lastKnownFileType = sourcecode.swift; path = AppDelegate.swift; sourceTree = "<group>"; };
		B573275B284911C60098BA47 /* SceneDelegate.swift */ = {isa = PBXFileReference; lastKnownFileType = sourcecode.swift; path = SceneDelegate.swift; sourceTree = "<group>"; };
		B573275D284911C60098BA47 /* ViewController.swift */ = {isa = PBXFileReference; lastKnownFileType = sourcecode.swift; path = ViewController.swift; sourceTree = "<group>"; };
		B5732762284911C80098BA47 /* Assets.xcassets */ = {isa = PBXFileReference; lastKnownFileType = folder.assetcatalog; path = Assets.xcassets; sourceTree = "<group>"; };
		B5732765284911C80098BA47 /* Base */ = {isa = PBXFileReference; lastKnownFileType = file.storyboard; name = Base; path = Base.lproj/LaunchScreen.storyboard; sourceTree = "<group>"; };
		B5732767284911C80098BA47 /* Info.plist */ = {isa = PBXFileReference; lastKnownFileType = text.plist.xml; path = Info.plist; sourceTree = "<group>"; };
		B573276C284911C80098BA47 /* NewsTaskTests.xctest */ = {isa = PBXFileReference; explicitFileType = wrapper.cfbundle; includeInIndex = 0; path = NewsTaskTests.xctest; sourceTree = BUILT_PRODUCTS_DIR; };
		B573278928491D040098BA47 /* README.md */ = {isa = PBXFileReference; fileEncoding = 4; lastKnownFileType = net.daringfireball.markdown; path = README.md; sourceTree = "<group>"; };
		B573278B2849227D0098BA47 /* NewsUIIntegrationTests.swift */ = {isa = PBXFileReference; lastKnownFileType = sourcecode.swift; path = NewsUIIntegrationTests.swift; sourceTree = "<group>"; };
		B573278E284928640098BA47 /* XCTestCase+MemoryLeakTracking.swift */ = {isa = PBXFileReference; lastKnownFileType = sourcecode.swift; path = "XCTestCase+MemoryLeakTracking.swift"; sourceTree = "<group>"; };
		B57327912849369C0098BA47 /* NewsLoader.swift */ = {isa = PBXFileReference; lastKnownFileType = sourcecode.swift; path = NewsLoader.swift; sourceTree = "<group>"; };
		B5732793284936B40098BA47 /* NewsImage.swift */ = {isa = PBXFileReference; lastKnownFileType = sourcecode.swift; path = NewsImage.swift; sourceTree = "<group>"; };
		B5732796284937270098BA47 /* NewsViewController.swift */ = {isa = PBXFileReference; lastKnownFileType = sourcecode.swift; path = NewsViewController.swift; sourceTree = "<group>"; };
		B57327982849D8220098BA47 /* NewsImageCell.swift */ = {isa = PBXFileReference; lastKnownFileType = sourcecode.swift; path = NewsImageCell.swift; sourceTree = "<group>"; };
		B573279A2849E2A60098BA47 /* UIView+Shimmering.swift */ = {isa = PBXFileReference; lastKnownFileType = sourcecode.swift; path = "UIView+Shimmering.swift"; sourceTree = "<group>"; };
		B57327A02849EC110098BA47 /* NewsImageDataLoader.swift */ = {isa = PBXFileReference; lastKnownFileType = sourcecode.swift; path = NewsImageDataLoader.swift; sourceTree = "<group>"; };
		B57327A22849EC6E0098BA47 /* UIImage+TestHelpers.swift */ = {isa = PBXFileReference; lastKnownFileType = sourcecode.swift; path = "UIImage+TestHelpers.swift"; sourceTree = "<group>"; };
		B57327A42849ECB60098BA47 /* UIRefreshController+TestHelpers.swift */ = {isa = PBXFileReference; lastKnownFileType = sourcecode.swift; path = "UIRefreshController+TestHelpers.swift"; sourceTree = "<group>"; };
		B57327A62849ECF10098BA47 /* UIButton+TestHelpers.swift */ = {isa = PBXFileReference; lastKnownFileType = sourcecode.swift; path = "UIButton+TestHelpers.swift"; sourceTree = "<group>"; };
		B57327A82849ED390098BA47 /* UIControl+TestHelpers.swift */ = {isa = PBXFileReference; lastKnownFileType = sourcecode.swift; path = "UIControl+TestHelpers.swift"; sourceTree = "<group>"; };
		B57327AB2849EE020098BA47 /* NewsViewController+TestHelpers.swift */ = {isa = PBXFileReference; lastKnownFileType = sourcecode.swift; path = "NewsViewController+TestHelpers.swift"; sourceTree = "<group>"; };
		B57327AD2849EE5F0098BA47 /* NewsImageCell+TestHelpers.swift */ = {isa = PBXFileReference; lastKnownFileType = sourcecode.swift; path = "NewsImageCell+TestHelpers.swift"; sourceTree = "<group>"; };
		B57327AF2849EED70098BA47 /* NewsViewController+LoaderSpy.swift */ = {isa = PBXFileReference; lastKnownFileType = sourcecode.swift; path = "NewsViewController+LoaderSpy.swift"; sourceTree = "<group>"; };
		B57327B12849EF240098BA47 /* NewsViewController+Assertions.swift */ = {isa = PBXFileReference; lastKnownFileType = sourcecode.swift; path = "NewsViewController+Assertions.swift"; sourceTree = "<group>"; };
		B57327B82849F33B0098BA47 /* NewsRefreshController.swift */ = {isa = PBXFileReference; lastKnownFileType = sourcecode.swift; path = NewsRefreshController.swift; sourceTree = "<group>"; };
		B57327BA2849F5DF0098BA47 /* NewsImageCellController.swift */ = {isa = PBXFileReference; lastKnownFileType = sourcecode.swift; path = NewsImageCellController.swift; sourceTree = "<group>"; };
		B57327BD284A16E20098BA47 /* NewsUIComposer.swift */ = {isa = PBXFileReference; lastKnownFileType = sourcecode.swift; path = NewsUIComposer.swift; sourceTree = "<group>"; };
		B57327C2284A6DB30098BA47 /* NewsImageViewModel.swift */ = {isa = PBXFileReference; lastKnownFileType = sourcecode.swift; path = NewsImageViewModel.swift; sourceTree = "<group>"; };
		B57327C4284A74800098BA47 /* NewsPresenter.swift */ = {isa = PBXFileReference; lastKnownFileType = sourcecode.swift; path = NewsPresenter.swift; sourceTree = "<group>"; };
		B57327C6284AA0CD0098BA47 /* NewsImagePresenter.swift */ = {isa = PBXFileReference; lastKnownFileType = sourcecode.swift; path = NewsImagePresenter.swift; sourceTree = "<group>"; };
		B57327C8284AAC860098BA47 /* UITableView+Dequeueing.swift */ = {isa = PBXFileReference; lastKnownFileType = sourcecode.swift; path = "UITableView+Dequeueing.swift"; sourceTree = "<group>"; };
		B57327CA284AAE9C0098BA47 /* UIImage+Animations.swift */ = {isa = PBXFileReference; lastKnownFileType = sourcecode.swift; path = "UIImage+Animations.swift"; sourceTree = "<group>"; };
		B57327CD284AC3B40098BA47 /* HTTPClient.swift */ = {isa = PBXFileReference; lastKnownFileType = sourcecode.swift; path = HTTPClient.swift; sourceTree = "<group>"; };
		B57327CF284AC3D70098BA47 /* NewsImageMapper.swift */ = {isa = PBXFileReference; lastKnownFileType = sourcecode.swift; path = NewsImageMapper.swift; sourceTree = "<group>"; };
		B57327D1284AC5550098BA47 /* RemoteNewsLoader.swift */ = {isa = PBXFileReference; lastKnownFileType = sourcecode.swift; path = RemoteNewsLoader.swift; sourceTree = "<group>"; };
		B57327D7284AC5E00098BA47 /* LoadNewsFromRemoteUseCaseTests.swift */ = {isa = PBXFileReference; lastKnownFileType = sourcecode.swift; path = LoadNewsFromRemoteUseCaseTests.swift; sourceTree = "<group>"; };
		B57327DA284AC61F0098BA47 /* HTTPClientSpy.swift */ = {isa = PBXFileReference; lastKnownFileType = sourcecode.swift; path = HTTPClientSpy.swift; sourceTree = "<group>"; };
		B57327DC284AC65A0098BA47 /* LoadNewsFromRemoteUseCaseTests+Helpers.swift */ = {isa = PBXFileReference; lastKnownFileType = sourcecode.swift; path = "LoadNewsFromRemoteUseCaseTests+Helpers.swift"; sourceTree = "<group>"; };
		B57327DE284B3B460098BA47 /* NewsLoadingViewModel.swift */ = {isa = PBXFileReference; lastKnownFileType = sourcecode.swift; path = NewsLoadingViewModel.swift; sourceTree = "<group>"; };
		B57327E0284B3BB30098BA47 /* NewsViewModel.swift */ = {isa = PBXFileReference; lastKnownFileType = sourcecode.swift; path = NewsViewModel.swift; sourceTree = "<group>"; };
		B57327E4284B41460098BA47 /* NewsViewControllerTests+localization.swift */ = {isa = PBXFileReference; lastKnownFileType = sourcecode.swift; path = "NewsViewControllerTests+localization.swift"; sourceTree = "<group>"; };
		B57327E6284B42E60098BA47 /* ar */ = {isa = PBXFileReference; lastKnownFileType = text.plist.strings; name = ar; path = ar.lproj/LaunchScreen.strings; sourceTree = "<group>"; };
		B57327EA284B42F70098BA47 /* en */ = {isa = PBXFileReference; lastKnownFileType = text.plist.strings; name = en; path = en.lproj/News.strings; sourceTree = "<group>"; };
		B57327EB284B43160098BA47 /* ar */ = {isa = PBXFileReference; lastKnownFileType = text.plist.strings; name = ar; path = ar.lproj/News.strings; sourceTree = "<group>"; };
		B57327F2284B558F0098BA47 /* MainQueueDispatchDecorator.swift */ = {isa = PBXFileReference; lastKnownFileType = sourcecode.swift; path = MainQueueDispatchDecorator.swift; sourceTree = "<group>"; };
		B57327F4284B561C0098BA47 /* WeakRefVirtualProxy.swift */ = {isa = PBXFileReference; lastKnownFileType = sourcecode.swift; path = WeakRefVirtualProxy.swift; sourceTree = "<group>"; };
		B57327F6284B56580098BA47 /* NewsViewAdapter.swift */ = {isa = PBXFileReference; lastKnownFileType = sourcecode.swift; path = NewsViewAdapter.swift; sourceTree = "<group>"; };
/* End PBXFileReference section */

/* Begin PBXFrameworksBuildPhase section */
		B5732753284911C60098BA47 /* Frameworks */ = {
			isa = PBXFrameworksBuildPhase;
			buildActionMask = 2147483647;
			files = (
			);
			runOnlyForDeploymentPostprocessing = 0;
		};
		B5732769284911C80098BA47 /* Frameworks */ = {
			isa = PBXFrameworksBuildPhase;
			buildActionMask = 2147483647;
			files = (
			);
			runOnlyForDeploymentPostprocessing = 0;
		};
/* End PBXFrameworksBuildPhase section */

/* Begin PBXGroup section */
		B573274D284911C60098BA47 = {
			isa = PBXGroup;
			children = (
				B573278928491D040098BA47 /* README.md */,
				B5732758284911C60098BA47 /* NewsTask */,
				B573276F284911C80098BA47 /* NewsTaskTests */,
				B5732757284911C60098BA47 /* Products */,
			);
			sourceTree = "<group>";
		};
		B5732757284911C60098BA47 /* Products */ = {
			isa = PBXGroup;
			children = (
				B5732756284911C60098BA47 /* NewsTask.app */,
				B573276C284911C80098BA47 /* NewsTaskTests.xctest */,
			);
			name = Products;
			sourceTree = "<group>";
		};
		B5732758284911C60098BA47 /* NewsTask */ = {
			isa = PBXGroup;
			children = (
				B573279F2849EBFB0098BA47 /* News Image Loader */,
				B57327952849371A0098BA47 /* UI */,
				B5732790284936860098BA47 /* News Feature */,
				B5732759284911C60098BA47 /* AppDelegate.swift */,
				B573275B284911C60098BA47 /* SceneDelegate.swift */,
				B573275D284911C60098BA47 /* ViewController.swift */,
				B5732762284911C80098BA47 /* Assets.xcassets */,
				B5732764284911C80098BA47 /* LaunchScreen.storyboard */,
				B5732767284911C80098BA47 /* Info.plist */,
			);
			path = NewsTask;
			sourceTree = "<group>";
		};
		B573276F284911C80098BA47 /* NewsTaskTests */ = {
			isa = PBXGroup;
			children = (
				B57327D3284AC58D0098BA47 /* News Feature */,
				B573278D284928560098BA47 /* Helper */,
				B57327B52849EFB00098BA47 /* UI */,
			);
			path = NewsTaskTests;
			sourceTree = "<group>";
		};
		B573278D284928560098BA47 /* Helper */ = {
			isa = PBXGroup;
			children = (
				B573278E284928640098BA47 /* XCTestCase+MemoryLeakTracking.swift */,
				B57327A22849EC6E0098BA47 /* UIImage+TestHelpers.swift */,
				B57327A42849ECB60098BA47 /* UIRefreshController+TestHelpers.swift */,
				B57327A62849ECF10098BA47 /* UIButton+TestHelpers.swift */,
				B57327A82849ED390098BA47 /* UIControl+TestHelpers.swift */,
			);
			path = Helper;
			sourceTree = "<group>";
		};
		B5732790284936860098BA47 /* News Feature */ = {
			isa = PBXGroup;
			children = (
				B57327CC284AC3930098BA47 /* Api */,
				B57327912849369C0098BA47 /* NewsLoader.swift */,
				B5732793284936B40098BA47 /* NewsImage.swift */,
			);
			path = "News Feature";
			sourceTree = "<group>";
		};
		B57327952849371A0098BA47 /* UI */ = {
			isa = PBXGroup;
			children = (
				B573279C2849EBB00098BA47 /* News */,
			);
			path = UI;
			sourceTree = "<group>";
		};
		B573279C2849EBB00098BA47 /* News */ = {
			isa = PBXGroup;
			children = (
				B57327BF284A32690098BA47 /* News Presentation */,
				B57327BC284A16D50098BA47 /* Composers */,
				B573279E2849EBBF0098BA47 /* Views */,
				B573279D2849EBB70098BA47 /* Controllers */,
			);
			path = News;
			sourceTree = "<group>";
		};
		B573279D2849EBB70098BA47 /* Controllers */ = {
			isa = PBXGroup;
			children = (
				B5732796284937270098BA47 /* NewsViewController.swift */,
				B57327B82849F33B0098BA47 /* NewsRefreshController.swift */,
				B57327BA2849F5DF0098BA47 /* NewsImageCellController.swift */,
			);
			path = Controllers;
			sourceTree = "<group>";
		};
		B573279E2849EBBF0098BA47 /* Views */ = {
			isa = PBXGroup;
			children = (
				B573279A2849E2A60098BA47 /* UIView+Shimmering.swift */,
				B57327982849D8220098BA47 /* NewsImageCell.swift */,
				B57327C8284AAC860098BA47 /* UITableView+Dequeueing.swift */,
				B57327CA284AAE9C0098BA47 /* UIImage+Animations.swift */,
			);
			path = Views;
			sourceTree = "<group>";
		};
		B573279F2849EBFB0098BA47 /* News Image Loader */ = {
			isa = PBXGroup;
			children = (
				B57327A02849EC110098BA47 /* NewsImageDataLoader.swift */,
			);
			path = "News Image Loader";
			sourceTree = "<group>";
		};
		B57327B52849EFB00098BA47 /* UI */ = {
			isa = PBXGroup;
			children = (
				B57327B62849EFBD0098BA47 /* News */,
			);
			path = UI;
			sourceTree = "<group>";
		};
		B57327B62849EFBD0098BA47 /* News */ = {
			isa = PBXGroup;
			children = (
				B57327B72849EFCF0098BA47 /* Helpers */,
				B573278B2849227D0098BA47 /* NewsUIIntegrationTests.swift */,
			);
			path = News;
			sourceTree = "<group>";
		};
		B57327B72849EFCF0098BA47 /* Helpers */ = {
			isa = PBXGroup;
			children = (
				B57327AB2849EE020098BA47 /* NewsViewController+TestHelpers.swift */,
				B57327AD2849EE5F0098BA47 /* NewsImageCell+TestHelpers.swift */,
				B57327AF2849EED70098BA47 /* NewsViewController+LoaderSpy.swift */,
				B57327B12849EF240098BA47 /* NewsViewController+Assertions.swift */,
				B57327E4284B41460098BA47 /* NewsViewControllerTests+localization.swift */,
			);
			path = Helpers;
			sourceTree = "<group>";
		};
		B57327BC284A16D50098BA47 /* Composers */ = {
			isa = PBXGroup;
			children = (
				B57327BD284A16E20098BA47 /* NewsUIComposer.swift */,
				B57327F2284B558F0098BA47 /* MainQueueDispatchDecorator.swift */,
				B57327F4284B561C0098BA47 /* WeakRefVirtualProxy.swift */,
				B57327F6284B56580098BA47 /* NewsViewAdapter.swift */,
			);
			path = Composers;
			sourceTree = "<group>";
		};
		B57327BF284A32690098BA47 /* News Presentation */ = {
			isa = PBXGroup;
			children = (
				B57327C2284A6DB30098BA47 /* NewsImageViewModel.swift */,
				B57327C4284A74800098BA47 /* NewsPresenter.swift */,
				B57327C6284AA0CD0098BA47 /* NewsImagePresenter.swift */,
				B57327DE284B3B460098BA47 /* NewsLoadingViewModel.swift */,
				B57327E0284B3BB30098BA47 /* NewsViewModel.swift */,
				B57327E9284B42F30098BA47 /* News.strings */,
			);
			path = "News Presentation";
			sourceTree = "<group>";
		};
		B57327CC284AC3930098BA47 /* Api */ = {
			isa = PBXGroup;
			children = (
				B57327CD284AC3B40098BA47 /* HTTPClient.swift */,
				B57327CF284AC3D70098BA47 /* NewsImageMapper.swift */,
				B57327D1284AC5550098BA47 /* RemoteNewsLoader.swift */,
			);
			path = Api;
			sourceTree = "<group>";
		};
		B57327D3284AC58D0098BA47 /* News Feature */ = {
			isa = PBXGroup;
			children = (
				B57327D6284AC5B30098BA47 /* Api */,
			);
			path = "News Feature";
			sourceTree = "<group>";
		};
		B57327D6284AC5B30098BA47 /* Api */ = {
			isa = PBXGroup;
			children = (
				B57327D9284AC6110098BA47 /* Helpers */,
				B57327D7284AC5E00098BA47 /* LoadNewsFromRemoteUseCaseTests.swift */,
			);
			path = Api;
			sourceTree = "<group>";
		};
		B57327D9284AC6110098BA47 /* Helpers */ = {
			isa = PBXGroup;
			children = (
				B57327DA284AC61F0098BA47 /* HTTPClientSpy.swift */,
				B57327DC284AC65A0098BA47 /* LoadNewsFromRemoteUseCaseTests+Helpers.swift */,
			);
			path = Helpers;
			sourceTree = "<group>";
		};
/* End PBXGroup section */

/* Begin PBXNativeTarget section */
		B5732755284911C60098BA47 /* NewsTask */ = {
			isa = PBXNativeTarget;
			buildConfigurationList = B5732780284911C80098BA47 /* Build configuration list for PBXNativeTarget "NewsTask" */;
			buildPhases = (
				B5732752284911C60098BA47 /* Sources */,
				B5732753284911C60098BA47 /* Frameworks */,
				B5732754284911C60098BA47 /* Resources */,
			);
			buildRules = (
			);
			dependencies = (
			);
			name = NewsTask;
			productName = NewsTask;
			productReference = B5732756284911C60098BA47 /* NewsTask.app */;
			productType = "com.apple.product-type.application";
		};
		B573276B284911C80098BA47 /* NewsTaskTests */ = {
			isa = PBXNativeTarget;
			buildConfigurationList = B5732783284911C80098BA47 /* Build configuration list for PBXNativeTarget "NewsTaskTests" */;
			buildPhases = (
				B5732768284911C80098BA47 /* Sources */,
				B5732769284911C80098BA47 /* Frameworks */,
				B573276A284911C80098BA47 /* Resources */,
			);
			buildRules = (
			);
			dependencies = (
				B573276E284911C80098BA47 /* PBXTargetDependency */,
			);
			name = NewsTaskTests;
			productName = NewsTaskTests;
			productReference = B573276C284911C80098BA47 /* NewsTaskTests.xctest */;
			productType = "com.apple.product-type.bundle.unit-test";
		};
/* End PBXNativeTarget section */

/* Begin PBXProject section */
		B573274E284911C60098BA47 /* Project object */ = {
			isa = PBXProject;
			attributes = {
				BuildIndependentTargetsInParallel = 1;
				LastSwiftUpdateCheck = 1340;
				LastUpgradeCheck = 1340;
				TargetAttributes = {
					B5732755284911C60098BA47 = {
						CreatedOnToolsVersion = 13.4;
					};
					B573276B284911C80098BA47 = {
						CreatedOnToolsVersion = 13.4;
						LastSwiftMigration = 1340;
						TestTargetID = B5732755284911C60098BA47;
					};
				};
			};
			buildConfigurationList = B5732751284911C60098BA47 /* Build configuration list for PBXProject "NewsTask" */;
			compatibilityVersion = "Xcode 13.0";
			developmentRegion = en;
			hasScannedForEncodings = 0;
			knownRegions = (
				en,
				Base,
				ar,
			);
			mainGroup = B573274D284911C60098BA47;
			productRefGroup = B5732757284911C60098BA47 /* Products */;
			projectDirPath = "";
			projectRoot = "";
			targets = (
				B5732755284911C60098BA47 /* NewsTask */,
				B573276B284911C80098BA47 /* NewsTaskTests */,
			);
		};
/* End PBXProject section */

/* Begin PBXResourcesBuildPhase section */
		B5732754284911C60098BA47 /* Resources */ = {
			isa = PBXResourcesBuildPhase;
			buildActionMask = 2147483647;
			files = (
				B5732766284911C80098BA47 /* LaunchScreen.storyboard in Resources */,
				B57327E7284B42F30098BA47 /* News.strings in Resources */,
				B5732763284911C80098BA47 /* Assets.xcassets in Resources */,
				B573278A28491D040098BA47 /* README.md in Resources */,
			);
			runOnlyForDeploymentPostprocessing = 0;
		};
		B573276A284911C80098BA47 /* Resources */ = {
			isa = PBXResourcesBuildPhase;
			buildActionMask = 2147483647;
			files = (
			);
			runOnlyForDeploymentPostprocessing = 0;
		};
/* End PBXResourcesBuildPhase section */

/* Begin PBXSourcesBuildPhase section */
		B5732752284911C60098BA47 /* Sources */ = {
			isa = PBXSourcesBuildPhase;
			buildActionMask = 2147483647;
			files = (
				B57327C7284AA0CD0098BA47 /* NewsImagePresenter.swift in Sources */,
				B57327A12849EC110098BA47 /* NewsImageDataLoader.swift in Sources */,
				B57327F3284B558F0098BA47 /* MainQueueDispatchDecorator.swift in Sources */,
				B57327D0284AC3D70098BA47 /* NewsImageMapper.swift in Sources */,
				B573275E284911C60098BA47 /* ViewController.swift in Sources */,
				B573279B2849E2A60098BA47 /* UIView+Shimmering.swift in Sources */,
				B573275A284911C60098BA47 /* AppDelegate.swift in Sources */,
				B57327992849D8220098BA47 /* NewsImageCell.swift in Sources */,
				B57327CB284AAE9C0098BA47 /* UIImage+Animations.swift in Sources */,
				B57327C3284A6DB30098BA47 /* NewsImageViewModel.swift in Sources */,
				B57327F5284B561C0098BA47 /* WeakRefVirtualProxy.swift in Sources */,
				B573275C284911C60098BA47 /* SceneDelegate.swift in Sources */,
				B57327BB2849F5DF0098BA47 /* NewsImageCellController.swift in Sources */,
				B5732797284937270098BA47 /* NewsViewController.swift in Sources */,
				B57327DF284B3B460098BA47 /* NewsLoadingViewModel.swift in Sources */,
				B57327922849369C0098BA47 /* NewsLoader.swift in Sources */,
				B57327D2284AC5550098BA47 /* RemoteNewsLoader.swift in Sources */,
				B57327F7284B56580098BA47 /* NewsViewAdapter.swift in Sources */,
				B57327B92849F33B0098BA47 /* NewsRefreshController.swift in Sources */,
				B57327C5284A74800098BA47 /* NewsPresenter.swift in Sources */,
				B57327E1284B3BB30098BA47 /* NewsViewModel.swift in Sources */,
				B57327CE284AC3B40098BA47 /* HTTPClient.swift in Sources */,
				B57327BE284A16E20098BA47 /* NewsUIComposer.swift in Sources */,
				B5732794284936B40098BA47 /* NewsImage.swift in Sources */,
				B57327C9284AAC860098BA47 /* UITableView+Dequeueing.swift in Sources */,
			);
			runOnlyForDeploymentPostprocessing = 0;
		};
		B5732768284911C80098BA47 /* Sources */ = {
			isa = PBXSourcesBuildPhase;
			buildActionMask = 2147483647;
			files = (
				B57327DD284AC65A0098BA47 /* LoadNewsFromRemoteUseCaseTests+Helpers.swift in Sources */,
				B57327AE2849EE5F0098BA47 /* NewsImageCell+TestHelpers.swift in Sources */,
				B57327DB284AC61F0098BA47 /* HTTPClientSpy.swift in Sources */,
				B573278C2849227D0098BA47 /* NewsUIIntegrationTests.swift in Sources */,
				B57327AC2849EE020098BA47 /* NewsViewController+TestHelpers.swift in Sources */,
				B57327A72849ECF10098BA47 /* UIButton+TestHelpers.swift in Sources */,
				B573278F284928640098BA47 /* XCTestCase+MemoryLeakTracking.swift in Sources */,
				B57327D8284AC5E00098BA47 /* LoadNewsFromRemoteUseCaseTests.swift in Sources */,
				B57327E5284B41460098BA47 /* NewsViewControllerTests+localization.swift in Sources */,
				B57327A92849ED390098BA47 /* UIControl+TestHelpers.swift in Sources */,
				B57327B22849EF240098BA47 /* NewsViewController+Assertions.swift in Sources */,
				B57327B02849EED70098BA47 /* NewsViewController+LoaderSpy.swift in Sources */,
				B57327A32849EC6E0098BA47 /* UIImage+TestHelpers.swift in Sources */,
				B57327A52849ECB60098BA47 /* UIRefreshController+TestHelpers.swift in Sources */,
			);
			runOnlyForDeploymentPostprocessing = 0;
		};
/* End PBXSourcesBuildPhase section */

/* Begin PBXTargetDependency section */
		B573276E284911C80098BA47 /* PBXTargetDependency */ = {
			isa = PBXTargetDependency;
			target = B5732755284911C60098BA47 /* NewsTask */;
			targetProxy = B573276D284911C80098BA47 /* PBXContainerItemProxy */;
		};
/* End PBXTargetDependency section */

/* Begin PBXVariantGroup section */
		B5732764284911C80098BA47 /* LaunchScreen.storyboard */ = {
			isa = PBXVariantGroup;
			children = (
				B5732765284911C80098BA47 /* Base */,
				B57327E6284B42E60098BA47 /* ar */,
			);
			name = LaunchScreen.storyboard;
			sourceTree = "<group>";
		};
		B57327E9284B42F30098BA47 /* News.strings */ = {
			isa = PBXVariantGroup;
			children = (
				B57327EA284B42F70098BA47 /* en */,
				B57327EB284B43160098BA47 /* ar */,
			);
			name = News.strings;
			sourceTree = "<group>";
		};
/* End PBXVariantGroup section */

/* Begin XCBuildConfiguration section */
		B573277E284911C80098BA47 /* Debug */ = {
			isa = XCBuildConfiguration;
			buildSettings = {
				ALWAYS_SEARCH_USER_PATHS = NO;
				CLANG_ANALYZER_LOCALIZABILITY_NONLOCALIZED = YES;
				CLANG_ANALYZER_NONNULL = YES;
				CLANG_ANALYZER_NUMBER_OBJECT_CONVERSION = YES_AGGRESSIVE;
				CLANG_CXX_LANGUAGE_STANDARD = "gnu++17";
				CLANG_ENABLE_MODULES = YES;
				CLANG_ENABLE_OBJC_ARC = YES;
				CLANG_ENABLE_OBJC_WEAK = YES;
				CLANG_WARN_BLOCK_CAPTURE_AUTORELEASING = YES;
				CLANG_WARN_BOOL_CONVERSION = YES;
				CLANG_WARN_COMMA = YES;
				CLANG_WARN_CONSTANT_CONVERSION = YES;
				CLANG_WARN_DEPRECATED_OBJC_IMPLEMENTATIONS = YES;
				CLANG_WARN_DIRECT_OBJC_ISA_USAGE = YES_ERROR;
				CLANG_WARN_DOCUMENTATION_COMMENTS = YES;
				CLANG_WARN_EMPTY_BODY = YES;
				CLANG_WARN_ENUM_CONVERSION = YES;
				CLANG_WARN_INFINITE_RECURSION = YES;
				CLANG_WARN_INT_CONVERSION = YES;
				CLANG_WARN_NON_LITERAL_NULL_CONVERSION = YES;
				CLANG_WARN_OBJC_IMPLICIT_RETAIN_SELF = YES;
				CLANG_WARN_OBJC_LITERAL_CONVERSION = YES;
				CLANG_WARN_OBJC_ROOT_CLASS = YES_ERROR;
				CLANG_WARN_QUOTED_INCLUDE_IN_FRAMEWORK_HEADER = YES;
				CLANG_WARN_RANGE_LOOP_ANALYSIS = YES;
				CLANG_WARN_STRICT_PROTOTYPES = YES;
				CLANG_WARN_SUSPICIOUS_MOVE = YES;
				CLANG_WARN_UNGUARDED_AVAILABILITY = YES_AGGRESSIVE;
				CLANG_WARN_UNREACHABLE_CODE = YES;
				CLANG_WARN__DUPLICATE_METHOD_MATCH = YES;
				COPY_PHASE_STRIP = NO;
				DEBUG_INFORMATION_FORMAT = dwarf;
				ENABLE_STRICT_OBJC_MSGSEND = YES;
				ENABLE_TESTABILITY = YES;
				GCC_C_LANGUAGE_STANDARD = gnu11;
				GCC_DYNAMIC_NO_PIC = NO;
				GCC_NO_COMMON_BLOCKS = YES;
				GCC_OPTIMIZATION_LEVEL = 0;
				GCC_PREPROCESSOR_DEFINITIONS = (
					"DEBUG=1",
					"$(inherited)",
				);
				GCC_WARN_64_TO_32_BIT_CONVERSION = YES;
				GCC_WARN_ABOUT_RETURN_TYPE = YES_ERROR;
				GCC_WARN_UNDECLARED_SELECTOR = YES;
				GCC_WARN_UNINITIALIZED_AUTOS = YES_AGGRESSIVE;
				GCC_WARN_UNUSED_FUNCTION = YES;
				GCC_WARN_UNUSED_VARIABLE = YES;
				IPHONEOS_DEPLOYMENT_TARGET = 15.5;
				MTL_ENABLE_DEBUG_INFO = INCLUDE_SOURCE;
				MTL_FAST_MATH = YES;
				ONLY_ACTIVE_ARCH = YES;
				SDKROOT = iphoneos;
				SWIFT_ACTIVE_COMPILATION_CONDITIONS = DEBUG;
				SWIFT_OPTIMIZATION_LEVEL = "-Onone";
			};
			name = Debug;
		};
		B573277F284911C80098BA47 /* Release */ = {
			isa = XCBuildConfiguration;
			buildSettings = {
				ALWAYS_SEARCH_USER_PATHS = NO;
				CLANG_ANALYZER_LOCALIZABILITY_NONLOCALIZED = YES;
				CLANG_ANALYZER_NONNULL = YES;
				CLANG_ANALYZER_NUMBER_OBJECT_CONVERSION = YES_AGGRESSIVE;
				CLANG_CXX_LANGUAGE_STANDARD = "gnu++17";
				CLANG_ENABLE_MODULES = YES;
				CLANG_ENABLE_OBJC_ARC = YES;
				CLANG_ENABLE_OBJC_WEAK = YES;
				CLANG_WARN_BLOCK_CAPTURE_AUTORELEASING = YES;
				CLANG_WARN_BOOL_CONVERSION = YES;
				CLANG_WARN_COMMA = YES;
				CLANG_WARN_CONSTANT_CONVERSION = YES;
				CLANG_WARN_DEPRECATED_OBJC_IMPLEMENTATIONS = YES;
				CLANG_WARN_DIRECT_OBJC_ISA_USAGE = YES_ERROR;
				CLANG_WARN_DOCUMENTATION_COMMENTS = YES;
				CLANG_WARN_EMPTY_BODY = YES;
				CLANG_WARN_ENUM_CONVERSION = YES;
				CLANG_WARN_INFINITE_RECURSION = YES;
				CLANG_WARN_INT_CONVERSION = YES;
				CLANG_WARN_NON_LITERAL_NULL_CONVERSION = YES;
				CLANG_WARN_OBJC_IMPLICIT_RETAIN_SELF = YES;
				CLANG_WARN_OBJC_LITERAL_CONVERSION = YES;
				CLANG_WARN_OBJC_ROOT_CLASS = YES_ERROR;
				CLANG_WARN_QUOTED_INCLUDE_IN_FRAMEWORK_HEADER = YES;
				CLANG_WARN_RANGE_LOOP_ANALYSIS = YES;
				CLANG_WARN_STRICT_PROTOTYPES = YES;
				CLANG_WARN_SUSPICIOUS_MOVE = YES;
				CLANG_WARN_UNGUARDED_AVAILABILITY = YES_AGGRESSIVE;
				CLANG_WARN_UNREACHABLE_CODE = YES;
				CLANG_WARN__DUPLICATE_METHOD_MATCH = YES;
				COPY_PHASE_STRIP = NO;
				DEBUG_INFORMATION_FORMAT = "dwarf-with-dsym";
				ENABLE_NS_ASSERTIONS = NO;
				ENABLE_STRICT_OBJC_MSGSEND = YES;
				GCC_C_LANGUAGE_STANDARD = gnu11;
				GCC_NO_COMMON_BLOCKS = YES;
				GCC_WARN_64_TO_32_BIT_CONVERSION = YES;
				GCC_WARN_ABOUT_RETURN_TYPE = YES_ERROR;
				GCC_WARN_UNDECLARED_SELECTOR = YES;
				GCC_WARN_UNINITIALIZED_AUTOS = YES_AGGRESSIVE;
				GCC_WARN_UNUSED_FUNCTION = YES;
				GCC_WARN_UNUSED_VARIABLE = YES;
				IPHONEOS_DEPLOYMENT_TARGET = 15.5;
				MTL_ENABLE_DEBUG_INFO = NO;
				MTL_FAST_MATH = YES;
				SDKROOT = iphoneos;
				SWIFT_COMPILATION_MODE = wholemodule;
				SWIFT_OPTIMIZATION_LEVEL = "-O";
				VALIDATE_PRODUCT = YES;
			};
			name = Release;
		};
		B5732781284911C80098BA47 /* Debug */ = {
			isa = XCBuildConfiguration;
			buildSettings = {
				ASSETCATALOG_COMPILER_APPICON_NAME = AppIcon;
				ASSETCATALOG_COMPILER_GLOBAL_ACCENT_COLOR_NAME = AccentColor;
				CODE_SIGN_STYLE = Automatic;
				CURRENT_PROJECT_VERSION = 1;
				DEVELOPMENT_TEAM = GK4GDX3M3T;
				GENERATE_INFOPLIST_FILE = YES;
				INFOPLIST_FILE = NewsTask/Info.plist;
				INFOPLIST_KEY_UIApplicationSupportsIndirectInputEvents = YES;
				INFOPLIST_KEY_UILaunchStoryboardName = LaunchScreen;
				INFOPLIST_KEY_UISupportedInterfaceOrientations_iPad = "UIInterfaceOrientationPortrait UIInterfaceOrientationPortraitUpsideDown UIInterfaceOrientationLandscapeLeft UIInterfaceOrientationLandscapeRight";
				INFOPLIST_KEY_UISupportedInterfaceOrientations_iPhone = "UIInterfaceOrientationPortrait UIInterfaceOrientationLandscapeLeft UIInterfaceOrientationLandscapeRight";
				LD_RUNPATH_SEARCH_PATHS = (
					"$(inherited)",
					"@executable_path/Frameworks",
				);
				MARKETING_VERSION = 1.0;
				PRODUCT_BUNDLE_IDENTIFIER = com.mif50.NewsTask;
				PRODUCT_NAME = "$(TARGET_NAME)";
				SWIFT_EMIT_LOC_STRINGS = YES;
				SWIFT_VERSION = 5.0;
				TARGETED_DEVICE_FAMILY = "1,2";
			};
			name = Debug;
		};
		B5732782284911C80098BA47 /* Release */ = {
			isa = XCBuildConfiguration;
			buildSettings = {
				ASSETCATALOG_COMPILER_APPICON_NAME = AppIcon;
				ASSETCATALOG_COMPILER_GLOBAL_ACCENT_COLOR_NAME = AccentColor;
				CODE_SIGN_STYLE = Automatic;
				CURRENT_PROJECT_VERSION = 1;
				DEVELOPMENT_TEAM = GK4GDX3M3T;
				GENERATE_INFOPLIST_FILE = YES;
				INFOPLIST_FILE = NewsTask/Info.plist;
				INFOPLIST_KEY_UIApplicationSupportsIndirectInputEvents = YES;
				INFOPLIST_KEY_UILaunchStoryboardName = LaunchScreen;
				INFOPLIST_KEY_UISupportedInterfaceOrientations_iPad = "UIInterfaceOrientationPortrait UIInterfaceOrientationPortraitUpsideDown UIInterfaceOrientationLandscapeLeft UIInterfaceOrientationLandscapeRight";
				INFOPLIST_KEY_UISupportedInterfaceOrientations_iPhone = "UIInterfaceOrientationPortrait UIInterfaceOrientationLandscapeLeft UIInterfaceOrientationLandscapeRight";
				LD_RUNPATH_SEARCH_PATHS = (
					"$(inherited)",
					"@executable_path/Frameworks",
				);
				MARKETING_VERSION = 1.0;
				PRODUCT_BUNDLE_IDENTIFIER = com.mif50.NewsTask;
				PRODUCT_NAME = "$(TARGET_NAME)";
				SWIFT_EMIT_LOC_STRINGS = YES;
				SWIFT_VERSION = 5.0;
				TARGETED_DEVICE_FAMILY = "1,2";
			};
			name = Release;
		};
		B5732784284911C80098BA47 /* Debug */ = {
			isa = XCBuildConfiguration;
			buildSettings = {
				ALWAYS_EMBED_SWIFT_STANDARD_LIBRARIES = YES;
				BUNDLE_LOADER = "$(TEST_HOST)";
				CLANG_ENABLE_MODULES = YES;
				CODE_SIGN_STYLE = Automatic;
				CURRENT_PROJECT_VERSION = 1;
				DEVELOPMENT_TEAM = GK4GDX3M3T;
				GENERATE_INFOPLIST_FILE = YES;
				IPHONEOS_DEPLOYMENT_TARGET = 15.5;
				LD_RUNPATH_SEARCH_PATHS = (
					"$(inherited)",
					"@executable_path/Frameworks",
					"@loader_path/Frameworks",
				);
				MARKETING_VERSION = 1.0;
				PRODUCT_BUNDLE_IDENTIFIER = com.mif50.NewsTaskTests;
				PRODUCT_NAME = "$(TARGET_NAME)";
				SWIFT_EMIT_LOC_STRINGS = NO;
				SWIFT_OPTIMIZATION_LEVEL = "-Onone";
				SWIFT_VERSION = 5.0;
				TARGETED_DEVICE_FAMILY = "1,2";
				TEST_HOST = "$(BUILT_PRODUCTS_DIR)/NewsTask.app/NewsTask";
			};
			name = Debug;
		};
		B5732785284911C80098BA47 /* Release */ = {
			isa = XCBuildConfiguration;
			buildSettings = {
				ALWAYS_EMBED_SWIFT_STANDARD_LIBRARIES = YES;
				BUNDLE_LOADER = "$(TEST_HOST)";
				CLANG_ENABLE_MODULES = YES;
				CODE_SIGN_STYLE = Automatic;
				CURRENT_PROJECT_VERSION = 1;
				DEVELOPMENT_TEAM = GK4GDX3M3T;
				GENERATE_INFOPLIST_FILE = YES;
				IPHONEOS_DEPLOYMENT_TARGET = 15.5;
				LD_RUNPATH_SEARCH_PATHS = (
					"$(inherited)",
					"@executable_path/Frameworks",
					"@loader_path/Frameworks",
				);
				MARKETING_VERSION = 1.0;
				PRODUCT_BUNDLE_IDENTIFIER = com.mif50.NewsTaskTests;
				PRODUCT_NAME = "$(TARGET_NAME)";
				SWIFT_EMIT_LOC_STRINGS = NO;
				SWIFT_VERSION = 5.0;
				TARGETED_DEVICE_FAMILY = "1,2";
				TEST_HOST = "$(BUILT_PRODUCTS_DIR)/NewsTask.app/NewsTask";
			};
			name = Release;
		};
/* End XCBuildConfiguration section */

/* Begin XCConfigurationList section */
		B5732751284911C60098BA47 /* Build configuration list for PBXProject "NewsTask" */ = {
			isa = XCConfigurationList;
			buildConfigurations = (
				B573277E284911C80098BA47 /* Debug */,
				B573277F284911C80098BA47 /* Release */,
			);
			defaultConfigurationIsVisible = 0;
			defaultConfigurationName = Release;
		};
		B5732780284911C80098BA47 /* Build configuration list for PBXNativeTarget "NewsTask" */ = {
			isa = XCConfigurationList;
			buildConfigurations = (
				B5732781284911C80098BA47 /* Debug */,
				B5732782284911C80098BA47 /* Release */,
			);
			defaultConfigurationIsVisible = 0;
			defaultConfigurationName = Release;
		};
		B5732783284911C80098BA47 /* Build configuration list for PBXNativeTarget "NewsTaskTests" */ = {
			isa = XCConfigurationList;
			buildConfigurations = (
				B5732784284911C80098BA47 /* Debug */,
				B5732785284911C80098BA47 /* Release */,
			);
			defaultConfigurationIsVisible = 0;
			defaultConfigurationName = Release;
		};
/* End XCConfigurationList section */
	};
	rootObject = B573274E284911C60098BA47 /* Project object */;
}
